// !$*UTF8*$!
{
	archiveVersion = 1;
	classes = {
	};
	objectVersion = 46;
	objects = {

/* Begin PBXBuildFile section */
		E1C223F3643E6AFDA061226B /* libPods.a in Frameworks */ = {isa = PBXBuildFile; fileRef = DED52603D06A13643D710AAF /* libPods.a */; };
		E22921C81D5225C4004C5D4A /* ChooseUserViewController.swift in Sources */ = {isa = PBXBuildFile; fileRef = E22921C71D5225C4004C5D4A /* ChooseUserViewController.swift */; };
		E234DDC81D47F220008DAB22 /* WelcomeViewController.swift in Sources */ = {isa = PBXBuildFile; fileRef = E234DDC71D47F220008DAB22 /* WelcomeViewController.swift */; };
		E234DDCB1D47F2FF008DAB22 /* SignUpViewController.swift in Sources */ = {isa = PBXBuildFile; fileRef = E234DDCA1D47F2FF008DAB22 /* SignUpViewController.swift */; };
		E234DDCD1D47F30B008DAB22 /* LoginViewController.swift in Sources */ = {isa = PBXBuildFile; fileRef = E234DDCC1D47F30B008DAB22 /* LoginViewController.swift */; };
		E25786DE1D62AA5300648CFA /* MyToolBeltTableViewController.swift in Sources */ = {isa = PBXBuildFile; fileRef = E25786DD1D62AA5300648CFA /* MyToolBeltTableViewController.swift */; };
		E25786E01D62AC9000648CFA /* NewToolViewController.swift in Sources */ = {isa = PBXBuildFile; fileRef = E25786DF1D62AC9000648CFA /* NewToolViewController.swift */; };
		E25786E41D66AB1D00648CFA /* MapSearchViewController.swift in Sources */ = {isa = PBXBuildFile; fileRef = E25786E31D66AB1D00648CFA /* MapSearchViewController.swift */; };
		E25786EE1D6C8E6A00648CFA /* ToolAnnotation.swift in Sources */ = {isa = PBXBuildFile; fileRef = E25786ED1D6C8E6A00648CFA /* ToolAnnotation.swift */; };
		E25786F01D77BB1400648CFA /* AnnotationView.swift in Sources */ = {isa = PBXBuildFile; fileRef = E25786EF1D77BB1400648CFA /* AnnotationView.swift */; };
		E25786F71D77C1AA00648CFA /* CustomCalloutView.swift in Sources */ = {isa = PBXBuildFile; fileRef = E25786F51D77C1AA00648CFA /* CustomCalloutView.swift */; };
		E25786F81D77C1AA00648CFA /* CustomCalloutView.xib in Resources */ = {isa = PBXBuildFile; fileRef = E25786F61D77C1AA00648CFA /* CustomCalloutView.xib */; };
		E27E13A71D503A8A00C7F6E6 /* ProgressHUD.bundle in Resources */ = {isa = PBXBuildFile; fileRef = E27E13A41D503A8A00C7F6E6 /* ProgressHUD.bundle */; };
		E27E13A81D503A8A00C7F6E6 /* ProgressHUD.m in Sources */ = {isa = PBXBuildFile; fileRef = E27E13A61D503A8A00C7F6E6 /* ProgressHUD.m */; };
		E27E13AC1D5042E900C7F6E6 /* RegisterUser.swift in Sources */ = {isa = PBXBuildFile; fileRef = E27E13AB1D5042E900C7F6E6 /* RegisterUser.swift */; };
		E27E13BA1D504CF100C7F6E6 /* RecentTableViewCell.swift in Sources */ = {isa = PBXBuildFile; fileRef = E27E13B91D504CF100C7F6E6 /* RecentTableViewCell.swift */; };
		E27E13BC1D504DA600C7F6E6 /* RecentViewController.swift in Sources */ = {isa = PBXBuildFile; fileRef = E27E13BB1D504DA600C7F6E6 /* RecentViewController.swift */; };
		E28FDBF81D7FB8D4009B87B1 /* MyToolBeltTableViewCell.swift in Sources */ = {isa = PBXBuildFile; fileRef = E28FDBF71D7FB8D4009B87B1 /* MyToolBeltTableViewCell.swift */; };
		E28FDBFA1D8485F2009B87B1 /* ToolViewController.swift in Sources */ = {isa = PBXBuildFile; fileRef = E28FDBF91D8485F2009B87B1 /* ToolViewController.swift */; };
		E28FDBFC1D84B81E009B87B1 /* NewTool2ViewController.swift in Sources */ = {isa = PBXBuildFile; fileRef = E28FDBFB1D84B81E009B87B1 /* NewTool2ViewController.swift */; };
		E29E41581D48528E005DA092 /* FBSDKCoreKit.framework in Frameworks */ = {isa = PBXBuildFile; fileRef = E29E41571D48528E005DA092 /* FBSDKCoreKit.framework */; };
		E29E415A1D48529A005DA092 /* FBSDKLoginKit.framework in Frameworks */ = {isa = PBXBuildFile; fileRef = E29E41591D48529A005DA092 /* FBSDKLoginKit.framework */; };
		E29E415C1D4852A4005DA092 /* FBSDKShareKit.framework in Frameworks */ = {isa = PBXBuildFile; fileRef = E29E415B1D4852A4005DA092 /* FBSDKShareKit.framework */; };
		E29E41601D485579005DA092 /* Bolts.framework in Frameworks */ = {isa = PBXBuildFile; fileRef = E29E415F1D485579005DA092 /* Bolts.framework */; };
		E2A45BE41D487B2200B06023 /* TabBarController.swift in Sources */ = {isa = PBXBuildFile; fileRef = E2A45BE31D487B2200B06023 /* TabBarController.swift */; };
		E2A8F1D71D5C216B008E01D3 /* Camera.swift in Sources */ = {isa = PBXBuildFile; fileRef = E2A8F1D61D5C216B008E01D3 /* Camera.swift */; };
		E2A8F1D91D5C2177008E01D3 /* Avatar.swift in Sources */ = {isa = PBXBuildFile; fileRef = E2A8F1D81D5C2177008E01D3 /* Avatar.swift */; };
		E2A8F1DB1D5C2192008E01D3 /* OutgoingMessage.swift in Sources */ = {isa = PBXBuildFile; fileRef = E2A8F1DA1D5C2192008E01D3 /* OutgoingMessage.swift */; };
		E2A8F1DD1D5C219C008E01D3 /* IncomingMessage.swift in Sources */ = {isa = PBXBuildFile; fileRef = E2A8F1DC1D5C219C008E01D3 /* IncomingMessage.swift */; };
		E2C5C41C1D5A10E0000FABFB /* ChatViewController.swift in Sources */ = {isa = PBXBuildFile; fileRef = E2C5C41B1D5A10E0000FABFB /* ChatViewController.swift */; };
		E2DBE5321D5FEE52004068B5 /* ProfileTableViewController.swift in Sources */ = {isa = PBXBuildFile; fileRef = E2DBE5311D5FEE52004068B5 /* ProfileTableViewController.swift */; };
		E2EA4FE21D442C990092BD51 /* AppDelegate.swift in Sources */ = {isa = PBXBuildFile; fileRef = E2EA4FE11D442C990092BD51 /* AppDelegate.swift */; };
		E2EA4FE71D442C990092BD51 /* Main.storyboard in Resources */ = {isa = PBXBuildFile; fileRef = E2EA4FE51D442C990092BD51 /* Main.storyboard */; };
		E2EA4FE91D442C990092BD51 /* Assets.xcassets in Resources */ = {isa = PBXBuildFile; fileRef = E2EA4FE81D442C990092BD51 /* Assets.xcassets */; };
		E2EA4FEC1D442C990092BD51 /* LaunchScreen.storyboard in Resources */ = {isa = PBXBuildFile; fileRef = E2EA4FEA1D442C990092BD51 /* LaunchScreen.storyboard */; };
		E2EA4FF71D442C9A0092BD51 /* Tool_BeltTests.swift in Sources */ = {isa = PBXBuildFile; fileRef = E2EA4FF61D442C9A0092BD51 /* Tool_BeltTests.swift */; };
		E2EA50021D442C9A0092BD51 /* Tool_BeltUITests.swift in Sources */ = {isa = PBXBuildFile; fileRef = E2EA50011D442C9A0092BD51 /* Tool_BeltUITests.swift */; };
		E2EA50101D4444C70092BD51 /* Address.swift in Sources */ = {isa = PBXBuildFile; fileRef = E2EA500F1D4444C70092BD51 /* Address.swift */; };
		E2EA50121D4447860092BD51 /* Tool.swift in Sources */ = {isa = PBXBuildFile; fileRef = E2EA50111D4447860092BD51 /* Tool.swift */; };
		E2EDDA631D50D93F009F3D33 /* Recent.swift in Sources */ = {isa = PBXBuildFile; fileRef = E2EDDA621D50D93F009F3D33 /* Recent.swift */; };
		E2EDDA671D50F02B009F3D33 /* GoogleService-Info.plist in Resources */ = {isa = PBXBuildFile; fileRef = E2EDDA661D50F02B009F3D33 /* GoogleService-Info.plist */; };
/* End PBXBuildFile section */

/* Begin PBXContainerItemProxy section */
		E2EA4FF31D442C9A0092BD51 /* PBXContainerItemProxy */ = {
			isa = PBXContainerItemProxy;
			containerPortal = E2EA4FD61D442C990092BD51 /* Project object */;
			proxyType = 1;
			remoteGlobalIDString = E2EA4FDD1D442C990092BD51;
			remoteInfo = Tool_Belt;
		};
		E2EA4FFE1D442C9A0092BD51 /* PBXContainerItemProxy */ = {
			isa = PBXContainerItemProxy;
			containerPortal = E2EA4FD61D442C990092BD51 /* Project object */;
			proxyType = 1;
			remoteGlobalIDString = E2EA4FDD1D442C990092BD51;
			remoteInfo = Tool_Belt;
		};
/* End PBXContainerItemProxy section */

/* Begin PBXFileReference section */
		5A2F2CA37A7D6B3E4BA2CDD5 /* Pods.debug.xcconfig */ = {isa = PBXFileReference; includeInIndex = 1; lastKnownFileType = text.xcconfig; name = Pods.debug.xcconfig; path = "Pods/Target Support Files/Pods/Pods.debug.xcconfig"; sourceTree = "<group>"; };
		962B914393B1D3A92F819E54 /* Pods.release.xcconfig */ = {isa = PBXFileReference; includeInIndex = 1; lastKnownFileType = text.xcconfig; name = Pods.release.xcconfig; path = "Pods/Target Support Files/Pods/Pods.release.xcconfig"; sourceTree = "<group>"; };
		DED52603D06A13643D710AAF /* libPods.a */ = {isa = PBXFileReference; explicitFileType = archive.ar; includeInIndex = 0; path = libPods.a; sourceTree = BUILT_PRODUCTS_DIR; };
		E22921C71D5225C4004C5D4A /* ChooseUserViewController.swift */ = {isa = PBXFileReference; fileEncoding = 4; lastKnownFileType = sourcecode.swift; path = ChooseUserViewController.swift; sourceTree = "<group>"; };
		E234DDC71D47F220008DAB22 /* WelcomeViewController.swift */ = {isa = PBXFileReference; fileEncoding = 4; lastKnownFileType = sourcecode.swift; path = WelcomeViewController.swift; sourceTree = "<group>"; };
		E234DDCA1D47F2FF008DAB22 /* SignUpViewController.swift */ = {isa = PBXFileReference; fileEncoding = 4; lastKnownFileType = sourcecode.swift; path = SignUpViewController.swift; sourceTree = "<group>"; };
		E234DDCC1D47F30B008DAB22 /* LoginViewController.swift */ = {isa = PBXFileReference; fileEncoding = 4; lastKnownFileType = sourcecode.swift; path = LoginViewController.swift; sourceTree = "<group>"; };
		E25786DD1D62AA5300648CFA /* MyToolBeltTableViewController.swift */ = {isa = PBXFileReference; fileEncoding = 4; lastKnownFileType = sourcecode.swift; path = MyToolBeltTableViewController.swift; sourceTree = "<group>"; };
		E25786DF1D62AC9000648CFA /* NewToolViewController.swift */ = {isa = PBXFileReference; fileEncoding = 4; lastKnownFileType = sourcecode.swift; path = NewToolViewController.swift; sourceTree = "<group>"; };
		E25786E31D66AB1D00648CFA /* MapSearchViewController.swift */ = {isa = PBXFileReference; fileEncoding = 4; lastKnownFileType = sourcecode.swift; path = MapSearchViewController.swift; sourceTree = "<group>"; };
		E25786ED1D6C8E6A00648CFA /* ToolAnnotation.swift */ = {isa = PBXFileReference; fileEncoding = 4; lastKnownFileType = sourcecode.swift; path = ToolAnnotation.swift; sourceTree = "<group>"; };
		E25786EF1D77BB1400648CFA /* AnnotationView.swift */ = {isa = PBXFileReference; fileEncoding = 4; lastKnownFileType = sourcecode.swift; path = AnnotationView.swift; sourceTree = "<group>"; };
		E25786F51D77C1AA00648CFA /* CustomCalloutView.swift */ = {isa = PBXFileReference; fileEncoding = 4; lastKnownFileType = sourcecode.swift; path = CustomCalloutView.swift; sourceTree = "<group>"; };
		E25786F61D77C1AA00648CFA /* CustomCalloutView.xib */ = {isa = PBXFileReference; fileEncoding = 4; lastKnownFileType = file.xib; path = CustomCalloutView.xib; sourceTree = "<group>"; };
		E27E13A41D503A8A00C7F6E6 /* ProgressHUD.bundle */ = {isa = PBXFileReference; lastKnownFileType = "wrapper.plug-in"; path = ProgressHUD.bundle; sourceTree = "<group>"; };
		E27E13A51D503A8A00C7F6E6 /* ProgressHUD.h */ = {isa = PBXFileReference; fileEncoding = 4; lastKnownFileType = sourcecode.c.h; path = ProgressHUD.h; sourceTree = "<group>"; };
		E27E13A61D503A8A00C7F6E6 /* ProgressHUD.m */ = {isa = PBXFileReference; fileEncoding = 4; lastKnownFileType = sourcecode.c.objc; path = ProgressHUD.m; sourceTree = "<group>"; };
		E27E13AB1D5042E900C7F6E6 /* RegisterUser.swift */ = {isa = PBXFileReference; fileEncoding = 4; lastKnownFileType = sourcecode.swift; path = RegisterUser.swift; sourceTree = "<group>"; };
		E27E13B91D504CF100C7F6E6 /* RecentTableViewCell.swift */ = {isa = PBXFileReference; fileEncoding = 4; lastKnownFileType = sourcecode.swift; path = RecentTableViewCell.swift; sourceTree = "<group>"; };
		E27E13BB1D504DA600C7F6E6 /* RecentViewController.swift */ = {isa = PBXFileReference; fileEncoding = 4; lastKnownFileType = sourcecode.swift; path = RecentViewController.swift; sourceTree = "<group>"; };
		E28FDBF71D7FB8D4009B87B1 /* MyToolBeltTableViewCell.swift */ = {isa = PBXFileReference; fileEncoding = 4; lastKnownFileType = sourcecode.swift; path = MyToolBeltTableViewCell.swift; sourceTree = "<group>"; };
		E28FDBF91D8485F2009B87B1 /* ToolViewController.swift */ = {isa = PBXFileReference; fileEncoding = 4; lastKnownFileType = sourcecode.swift; path = ToolViewController.swift; sourceTree = "<group>"; };
		E28FDBFB1D84B81E009B87B1 /* NewTool2ViewController.swift */ = {isa = PBXFileReference; fileEncoding = 4; lastKnownFileType = sourcecode.swift; path = NewTool2ViewController.swift; sourceTree = "<group>"; };
		E29E41571D48528E005DA092 /* FBSDKCoreKit.framework */ = {isa = PBXFileReference; lastKnownFileType = wrapper.framework; path = FBSDKCoreKit.framework; sourceTree = "<group>"; };
		E29E41591D48529A005DA092 /* FBSDKLoginKit.framework */ = {isa = PBXFileReference; lastKnownFileType = wrapper.framework; path = FBSDKLoginKit.framework; sourceTree = "<group>"; };
		E29E415B1D4852A4005DA092 /* FBSDKShareKit.framework */ = {isa = PBXFileReference; lastKnownFileType = wrapper.framework; path = FBSDKShareKit.framework; sourceTree = "<group>"; };
		E29E415F1D485579005DA092 /* Bolts.framework */ = {isa = PBXFileReference; lastKnownFileType = wrapper.framework; path = Bolts.framework; sourceTree = "<group>"; };
		E2A45BE31D487B2200B06023 /* TabBarController.swift */ = {isa = PBXFileReference; fileEncoding = 4; lastKnownFileType = sourcecode.swift; path = TabBarController.swift; sourceTree = "<group>"; };
		E2A8F1D61D5C216B008E01D3 /* Camera.swift */ = {isa = PBXFileReference; fileEncoding = 4; lastKnownFileType = sourcecode.swift; path = Camera.swift; sourceTree = "<group>"; };
		E2A8F1D81D5C2177008E01D3 /* Avatar.swift */ = {isa = PBXFileReference; fileEncoding = 4; lastKnownFileType = sourcecode.swift; path = Avatar.swift; sourceTree = "<group>"; };
		E2A8F1DA1D5C2192008E01D3 /* OutgoingMessage.swift */ = {isa = PBXFileReference; fileEncoding = 4; lastKnownFileType = sourcecode.swift; path = OutgoingMessage.swift; sourceTree = "<group>"; };
		E2A8F1DC1D5C219C008E01D3 /* IncomingMessage.swift */ = {isa = PBXFileReference; fileEncoding = 4; lastKnownFileType = sourcecode.swift; path = IncomingMessage.swift; sourceTree = "<group>"; };
		E2C5C41B1D5A10E0000FABFB /* ChatViewController.swift */ = {isa = PBXFileReference; fileEncoding = 4; lastKnownFileType = sourcecode.swift; path = ChatViewController.swift; sourceTree = "<group>"; };
		E2DBE5311D5FEE52004068B5 /* ProfileTableViewController.swift */ = {isa = PBXFileReference; fileEncoding = 4; lastKnownFileType = sourcecode.swift; path = ProfileTableViewController.swift; sourceTree = "<group>"; };
		E2EA4FDE1D442C990092BD51 /* Tool_Belt.app */ = {isa = PBXFileReference; explicitFileType = wrapper.application; includeInIndex = 0; path = Tool_Belt.app; sourceTree = BUILT_PRODUCTS_DIR; };
		E2EA4FE11D442C990092BD51 /* AppDelegate.swift */ = {isa = PBXFileReference; lastKnownFileType = sourcecode.swift; path = AppDelegate.swift; sourceTree = "<group>"; };
		E2EA4FE61D442C990092BD51 /* Base */ = {isa = PBXFileReference; lastKnownFileType = file.storyboard; name = Base; path = Base.lproj/Main.storyboard; sourceTree = "<group>"; };
		E2EA4FE81D442C990092BD51 /* Assets.xcassets */ = {isa = PBXFileReference; lastKnownFileType = folder.assetcatalog; path = Assets.xcassets; sourceTree = "<group>"; };
		E2EA4FEB1D442C990092BD51 /* Base */ = {isa = PBXFileReference; lastKnownFileType = file.storyboard; name = Base; path = Base.lproj/LaunchScreen.storyboard; sourceTree = "<group>"; };
		E2EA4FED1D442C990092BD51 /* Info.plist */ = {isa = PBXFileReference; lastKnownFileType = text.plist.xml; path = Info.plist; sourceTree = "<group>"; };
		E2EA4FF21D442C9A0092BD51 /* Tool_BeltTests.xctest */ = {isa = PBXFileReference; explicitFileType = wrapper.cfbundle; includeInIndex = 0; path = Tool_BeltTests.xctest; sourceTree = BUILT_PRODUCTS_DIR; };
		E2EA4FF61D442C9A0092BD51 /* Tool_BeltTests.swift */ = {isa = PBXFileReference; lastKnownFileType = sourcecode.swift; path = Tool_BeltTests.swift; sourceTree = "<group>"; };
		E2EA4FF81D442C9A0092BD51 /* Info.plist */ = {isa = PBXFileReference; lastKnownFileType = text.plist.xml; path = Info.plist; sourceTree = "<group>"; };
		E2EA4FFD1D442C9A0092BD51 /* Tool_BeltUITests.xctest */ = {isa = PBXFileReference; explicitFileType = wrapper.cfbundle; includeInIndex = 0; path = Tool_BeltUITests.xctest; sourceTree = BUILT_PRODUCTS_DIR; };
		E2EA50011D442C9A0092BD51 /* Tool_BeltUITests.swift */ = {isa = PBXFileReference; lastKnownFileType = sourcecode.swift; path = Tool_BeltUITests.swift; sourceTree = "<group>"; };
		E2EA50031D442C9A0092BD51 /* Info.plist */ = {isa = PBXFileReference; lastKnownFileType = text.plist.xml; path = Info.plist; sourceTree = "<group>"; };
		E2EA500F1D4444C70092BD51 /* Address.swift */ = {isa = PBXFileReference; fileEncoding = 4; lastKnownFileType = sourcecode.swift; path = Address.swift; sourceTree = "<group>"; };
		E2EA50111D4447860092BD51 /* Tool.swift */ = {isa = PBXFileReference; fileEncoding = 4; lastKnownFileType = sourcecode.swift; path = Tool.swift; sourceTree = "<group>"; };
		E2EDDA621D50D93F009F3D33 /* Recent.swift */ = {isa = PBXFileReference; fileEncoding = 4; lastKnownFileType = sourcecode.swift; path = Recent.swift; sourceTree = "<group>"; };
		E2EDDA661D50F02B009F3D33 /* GoogleService-Info.plist */ = {isa = PBXFileReference; fileEncoding = 4; lastKnownFileType = text.plist.xml; path = "GoogleService-Info.plist"; sourceTree = "<group>"; };
/* End PBXFileReference section */

/* Begin PBXFrameworksBuildPhase section */
		E2EA4FDB1D442C990092BD51 /* Frameworks */ = {
			isa = PBXFrameworksBuildPhase;
			buildActionMask = 2147483647;
			files = (
				E29E41601D485579005DA092 /* Bolts.framework in Frameworks */,
				E29E415C1D4852A4005DA092 /* FBSDKShareKit.framework in Frameworks */,
				E1C223F3643E6AFDA061226B /* libPods.a in Frameworks */,
				E29E41581D48528E005DA092 /* FBSDKCoreKit.framework in Frameworks */,
				E29E415A1D48529A005DA092 /* FBSDKLoginKit.framework in Frameworks */,
			);
			runOnlyForDeploymentPostprocessing = 0;
		};
		E2EA4FEF1D442C9A0092BD51 /* Frameworks */ = {
			isa = PBXFrameworksBuildPhase;
			buildActionMask = 2147483647;
			files = (
			);
			runOnlyForDeploymentPostprocessing = 0;
		};
		E2EA4FFA1D442C9A0092BD51 /* Frameworks */ = {
			isa = PBXFrameworksBuildPhase;
			buildActionMask = 2147483647;
			files = (
			);
			runOnlyForDeploymentPostprocessing = 0;
		};
/* End PBXFrameworksBuildPhase section */

/* Begin PBXGroup section */
		CEB751DA372307BF2E789B37 /* Frameworks */ = {
			isa = PBXGroup;
			children = (
				DED52603D06A13643D710AAF /* libPods.a */,
			);
			name = Frameworks;
			sourceTree = "<group>";
		};
		DB4E9B16DBE37C6C054070E0 /* Pods */ = {
			isa = PBXGroup;
			children = (
				5A2F2CA37A7D6B3E4BA2CDD5 /* Pods.debug.xcconfig */,
				962B914393B1D3A92F819E54 /* Pods.release.xcconfig */,
			);
			name = Pods;
			sourceTree = "<group>";
		};
		E234DDC91D47F228008DAB22 /* Login */ = {
			isa = PBXGroup;
			children = (
				E234DDC71D47F220008DAB22 /* WelcomeViewController.swift */,
				E234DDCC1D47F30B008DAB22 /* LoginViewController.swift */,
				E234DDCA1D47F2FF008DAB22 /* SignUpViewController.swift */,
			);
			name = Login;
			sourceTree = "<group>";
		};
		E25786F91D77C1B300648CFA /* CustomCallouts */ = {
			isa = PBXGroup;
			children = (
				E25786F51D77C1AA00648CFA /* CustomCalloutView.swift */,
				E25786F61D77C1AA00648CFA /* CustomCalloutView.xib */,
			);
			name = CustomCallouts;
			sourceTree = "<group>";
		};
		E27E13A31D503A8A00C7F6E6 /* ProgressHUD */ = {
			isa = PBXGroup;
			children = (
				E27E13A41D503A8A00C7F6E6 /* ProgressHUD.bundle */,
				E27E13A51D503A8A00C7F6E6 /* ProgressHUD.h */,
				E27E13A61D503A8A00C7F6E6 /* ProgressHUD.m */,
			);
			path = ProgressHUD;
			sourceTree = "<group>";
		};
		E27E13BD1D504DD600C7F6E6 /* CustomTableViewCells */ = {
			isa = PBXGroup;
			children = (
				E27E13B91D504CF100C7F6E6 /* RecentTableViewCell.swift */,
				E28FDBF71D7FB8D4009B87B1 /* MyToolBeltTableViewCell.swift */,
			);
			name = CustomTableViewCells;
			sourceTree = "<group>";
		};
		E27E13BE1D504DE700C7F6E6 /* UIViewControllers */ = {
			isa = PBXGroup;
			children = (
				E27E13BB1D504DA600C7F6E6 /* RecentViewController.swift */,
				E25786DF1D62AC9000648CFA /* NewToolViewController.swift */,
				E28FDBFB1D84B81E009B87B1 /* NewTool2ViewController.swift */,
				E22921C71D5225C4004C5D4A /* ChooseUserViewController.swift */,
				E28FDBF91D8485F2009B87B1 /* ToolViewController.swift */,
				E2DBE5311D5FEE52004068B5 /* ProfileTableViewController.swift */,
				E25786DD1D62AA5300648CFA /* MyToolBeltTableViewController.swift */,
				E25786E31D66AB1D00648CFA /* MapSearchViewController.swift */,
				E2C5C41B1D5A10E0000FABFB /* ChatViewController.swift */,
			);
			name = UIViewControllers;
			sourceTree = "<group>";
		};
		E2EA4FD51D442C990092BD51 = {
			isa = PBXGroup;
			children = (
				E2EA4FE01D442C990092BD51 /* Tool_Belt */,
				E2EA4FF51D442C9A0092BD51 /* Tool_BeltTests */,
				E2EA50001D442C9A0092BD51 /* Tool_BeltUITests */,
				E2EA4FDF1D442C990092BD51 /* Products */,
				DB4E9B16DBE37C6C054070E0 /* Pods */,
				CEB751DA372307BF2E789B37 /* Frameworks */,
			);
			sourceTree = "<group>";
		};
		E2EA4FDF1D442C990092BD51 /* Products */ = {
			isa = PBXGroup;
			children = (
				E2EA4FDE1D442C990092BD51 /* Tool_Belt.app */,
				E2EA4FF21D442C9A0092BD51 /* Tool_BeltTests.xctest */,
				E2EA4FFD1D442C9A0092BD51 /* Tool_BeltUITests.xctest */,
			);
			name = Products;
			sourceTree = "<group>";
		};
		E2EA4FE01D442C990092BD51 /* Tool_Belt */ = {
			isa = PBXGroup;
			children = (
				E29E415F1D485579005DA092 /* Bolts.framework */,
				E29E415B1D4852A4005DA092 /* FBSDKShareKit.framework */,
				E29E41591D48529A005DA092 /* FBSDKLoginKit.framework */,
				E29E41571D48528E005DA092 /* FBSDKCoreKit.framework */,
				E2EA4FE11D442C990092BD51 /* AppDelegate.swift */,
				E27E13AB1D5042E900C7F6E6 /* RegisterUser.swift */,
				E2EDDA621D50D93F009F3D33 /* Recent.swift */,
				E25786F91D77C1B300648CFA /* CustomCallouts */,
				E25786EF1D77BB1400648CFA /* AnnotationView.swift */,
				E25786ED1D6C8E6A00648CFA /* ToolAnnotation.swift */,
				E2A8F1D61D5C216B008E01D3 /* Camera.swift */,
				E2A8F1D81D5C2177008E01D3 /* Avatar.swift */,
				E2A8F1DA1D5C2192008E01D3 /* OutgoingMessage.swift */,
				E2A8F1DC1D5C219C008E01D3 /* IncomingMessage.swift */,
				E2EA50111D4447860092BD51 /* Tool.swift */,
				E27E13A31D503A8A00C7F6E6 /* ProgressHUD */,
				E234DDC91D47F228008DAB22 /* Login */,
				E2EA500F1D4444C70092BD51 /* Address.swift */,
				E2A45BE31D487B2200B06023 /* TabBarController.swift */,
				E27E13BE1D504DE700C7F6E6 /* UIViewControllers */,
				E27E13BD1D504DD600C7F6E6 /* CustomTableViewCells */,
				E2EA4FE51D442C990092BD51 /* Main.storyboard */,
				E2EA4FE81D442C990092BD51 /* Assets.xcassets */,
				E2EA4FEA1D442C990092BD51 /* LaunchScreen.storyboard */,
				E2EA4FED1D442C990092BD51 /* Info.plist */,
				E2EDDA661D50F02B009F3D33 /* GoogleService-Info.plist */,
			);
			path = Tool_Belt;
			sourceTree = "<group>";
		};
		E2EA4FF51D442C9A0092BD51 /* Tool_BeltTests */ = {
			isa = PBXGroup;
			children = (
				E2EA4FF61D442C9A0092BD51 /* Tool_BeltTests.swift */,
				E2EA4FF81D442C9A0092BD51 /* Info.plist */,
			);
			path = Tool_BeltTests;
			sourceTree = "<group>";
		};
		E2EA50001D442C9A0092BD51 /* Tool_BeltUITests */ = {
			isa = PBXGroup;
			children = (
				E2EA50011D442C9A0092BD51 /* Tool_BeltUITests.swift */,
				E2EA50031D442C9A0092BD51 /* Info.plist */,
			);
			path = Tool_BeltUITests;
			sourceTree = "<group>";
		};
/* End PBXGroup section */

/* Begin PBXNativeTarget section */
		E2EA4FDD1D442C990092BD51 /* Tool_Belt */ = {
			isa = PBXNativeTarget;
			buildConfigurationList = E2EA50061D442C9A0092BD51 /* Build configuration list for PBXNativeTarget "Tool_Belt" */;
			buildPhases = (
				0FB4708F48CB6D102987135B /* Check Pods Manifest.lock */,
				E2EA4FDA1D442C990092BD51 /* Sources */,
				E2EA4FDB1D442C990092BD51 /* Frameworks */,
				E2EA4FDC1D442C990092BD51 /* Resources */,
				1C7A6CC3FC865C8084DCB070 /* Embed Pods Frameworks */,
				F6F94C7AB6E121D4548702FD /* Copy Pods Resources */,
			);
			buildRules = (
			);
			dependencies = (
			);
			name = Tool_Belt;
			productName = Tool_Belt;
			productReference = E2EA4FDE1D442C990092BD51 /* Tool_Belt.app */;
			productType = "com.apple.product-type.application";
		};
		E2EA4FF11D442C9A0092BD51 /* Tool_BeltTests */ = {
			isa = PBXNativeTarget;
			buildConfigurationList = E2EA50091D442C9A0092BD51 /* Build configuration list for PBXNativeTarget "Tool_BeltTests" */;
			buildPhases = (
				E2EA4FEE1D442C9A0092BD51 /* Sources */,
				E2EA4FEF1D442C9A0092BD51 /* Frameworks */,
				E2EA4FF01D442C9A0092BD51 /* Resources */,
			);
			buildRules = (
			);
			dependencies = (
				E2EA4FF41D442C9A0092BD51 /* PBXTargetDependency */,
			);
			name = Tool_BeltTests;
			productName = Tool_BeltTests;
			productReference = E2EA4FF21D442C9A0092BD51 /* Tool_BeltTests.xctest */;
			productType = "com.apple.product-type.bundle.unit-test";
		};
		E2EA4FFC1D442C9A0092BD51 /* Tool_BeltUITests */ = {
			isa = PBXNativeTarget;
			buildConfigurationList = E2EA500C1D442C9A0092BD51 /* Build configuration list for PBXNativeTarget "Tool_BeltUITests" */;
			buildPhases = (
				E2EA4FF91D442C9A0092BD51 /* Sources */,
				E2EA4FFA1D442C9A0092BD51 /* Frameworks */,
				E2EA4FFB1D442C9A0092BD51 /* Resources */,
			);
			buildRules = (
			);
			dependencies = (
				E2EA4FFF1D442C9A0092BD51 /* PBXTargetDependency */,
			);
			name = Tool_BeltUITests;
			productName = Tool_BeltUITests;
			productReference = E2EA4FFD1D442C9A0092BD51 /* Tool_BeltUITests.xctest */;
			productType = "com.apple.product-type.bundle.ui-testing";
		};
/* End PBXNativeTarget section */

/* Begin PBXProject section */
		E2EA4FD61D442C990092BD51 /* Project object */ = {
			isa = PBXProject;
			attributes = {
				LastSwiftUpdateCheck = 0730;
				LastUpgradeCheck = 0730;
				ORGANIZATIONNAME = "Emmet Susslin";
				TargetAttributes = {
					E2EA4FDD1D442C990092BD51 = {
						CreatedOnToolsVersion = 7.3.1;
						DevelopmentTeam = 694H5SYYW8;
					};
					E2EA4FF11D442C9A0092BD51 = {
						CreatedOnToolsVersion = 7.3.1;
						DevelopmentTeam = 694H5SYYW8;
						TestTargetID = E2EA4FDD1D442C990092BD51;
					};
					E2EA4FFC1D442C9A0092BD51 = {
						CreatedOnToolsVersion = 7.3.1;
						DevelopmentTeam = 694H5SYYW8;
						TestTargetID = E2EA4FDD1D442C990092BD51;
					};
				};
			};
			buildConfigurationList = E2EA4FD91D442C990092BD51 /* Build configuration list for PBXProject "Tool_Belt" */;
			compatibilityVersion = "Xcode 3.2";
			developmentRegion = English;
			hasScannedForEncodings = 0;
			knownRegions = (
				en,
				Base,
			);
			mainGroup = E2EA4FD51D442C990092BD51;
			productRefGroup = E2EA4FDF1D442C990092BD51 /* Products */;
			projectDirPath = "";
			projectRoot = "";
			targets = (
				E2EA4FDD1D442C990092BD51 /* Tool_Belt */,
				E2EA4FF11D442C9A0092BD51 /* Tool_BeltTests */,
				E2EA4FFC1D442C9A0092BD51 /* Tool_BeltUITests */,
			);
		};
/* End PBXProject section */

/* Begin PBXResourcesBuildPhase section */
		E2EA4FDC1D442C990092BD51 /* Resources */ = {
			isa = PBXResourcesBuildPhase;
			buildActionMask = 2147483647;
			files = (
				E25786F81D77C1AA00648CFA /* CustomCalloutView.xib in Resources */,
				E27E13A71D503A8A00C7F6E6 /* ProgressHUD.bundle in Resources */,
				E2EA4FEC1D442C990092BD51 /* LaunchScreen.storyboard in Resources */,
				E2EDDA671D50F02B009F3D33 /* GoogleService-Info.plist in Resources */,
				E2EA4FE91D442C990092BD51 /* Assets.xcassets in Resources */,
				E2EA4FE71D442C990092BD51 /* Main.storyboard in Resources */,
			);
			runOnlyForDeploymentPostprocessing = 0;
		};
		E2EA4FF01D442C9A0092BD51 /* Resources */ = {
			isa = PBXResourcesBuildPhase;
			buildActionMask = 2147483647;
			files = (
			);
			runOnlyForDeploymentPostprocessing = 0;
		};
		E2EA4FFB1D442C9A0092BD51 /* Resources */ = {
			isa = PBXResourcesBuildPhase;
			buildActionMask = 2147483647;
			files = (
			);
			runOnlyForDeploymentPostprocessing = 0;
		};
/* End PBXResourcesBuildPhase section */

/* Begin PBXShellScriptBuildPhase section */
		0FB4708F48CB6D102987135B /* Check Pods Manifest.lock */ = {
			isa = PBXShellScriptBuildPhase;
			buildActionMask = 2147483647;
			files = (
			);
			inputPaths = (
			);
			name = "Check Pods Manifest.lock";
			outputPaths = (
			);
			runOnlyForDeploymentPostprocessing = 0;
			shellPath = /bin/sh;
			shellScript = "diff \"${PODS_ROOT}/../Podfile.lock\" \"${PODS_ROOT}/Manifest.lock\" > /dev/null\nif [[ $? != 0 ]] ; then\n    cat << EOM\nerror: The sandbox is not in sync with the Podfile.lock. Run 'pod install' or update your CocoaPods installation.\nEOM\n    exit 1\nfi\n";
			showEnvVarsInLog = 0;
		};
		1C7A6CC3FC865C8084DCB070 /* Embed Pods Frameworks */ = {
			isa = PBXShellScriptBuildPhase;
			buildActionMask = 2147483647;
			files = (
			);
			inputPaths = (
			);
			name = "Embed Pods Frameworks";
			outputPaths = (
			);
			runOnlyForDeploymentPostprocessing = 0;
			shellPath = /bin/sh;
			shellScript = "\"${SRCROOT}/Pods/Target Support Files/Pods/Pods-frameworks.sh\"\n";
			showEnvVarsInLog = 0;
		};
		F6F94C7AB6E121D4548702FD /* Copy Pods Resources */ = {
			isa = PBXShellScriptBuildPhase;
			buildActionMask = 2147483647;
			files = (
			);
			inputPaths = (
			);
			name = "Copy Pods Resources";
			outputPaths = (
			);
			runOnlyForDeploymentPostprocessing = 0;
			shellPath = /bin/sh;
			shellScript = "\"${SRCROOT}/Pods/Target Support Files/Pods/Pods-resources.sh\"\n";
			showEnvVarsInLog = 0;
		};
/* End PBXShellScriptBuildPhase section */

/* Begin PBXSourcesBuildPhase section */
		E2EA4FDA1D442C990092BD51 /* Sources */ = {
			isa = PBXSourcesBuildPhase;
			buildActionMask = 2147483647;
			files = (
				E234DDCD1D47F30B008DAB22 /* LoginViewController.swift in Sources */,
				E27E13AC1D5042E900C7F6E6 /* RegisterUser.swift in Sources */,
				E27E13BC1D504DA600C7F6E6 /* RecentViewController.swift in Sources */,
				E25786F71D77C1AA00648CFA /* CustomCalloutView.swift in Sources */,
				E25786E41D66AB1D00648CFA /* MapSearchViewController.swift in Sources */,
				E2EA50101D4444C70092BD51 /* Address.swift in Sources */,
				E2A8F1DB1D5C2192008E01D3 /* OutgoingMessage.swift in Sources */,
				E25786E01D62AC9000648CFA /* NewToolViewController.swift in Sources */,
				E2EDDA631D50D93F009F3D33 /* Recent.swift in Sources */,
				E234DDC81D47F220008DAB22 /* WelcomeViewController.swift in Sources */,
				E2A8F1D91D5C2177008E01D3 /* Avatar.swift in Sources */,
				E25786DE1D62AA5300648CFA /* MyToolBeltTableViewController.swift in Sources */,
				E2EA4FE21D442C990092BD51 /* AppDelegate.swift in Sources */,
				E22921C81D5225C4004C5D4A /* ChooseUserViewController.swift in Sources */,
				E28FDBF81D7FB8D4009B87B1 /* MyToolBeltTableViewCell.swift in Sources */,
				E25786F01D77BB1400648CFA /* AnnotationView.swift in Sources */,
				E28FDBFA1D8485F2009B87B1 /* ToolViewController.swift in Sources */,
				E2DBE5321D5FEE52004068B5 /* ProfileTableViewController.swift in Sources */,
				E2A45BE41D487B2200B06023 /* TabBarController.swift in Sources */,
				E25786EE1D6C8E6A00648CFA /* ToolAnnotation.swift in Sources */,
				E27E13BA1D504CF100C7F6E6 /* RecentTableViewCell.swift in Sources */,
				E2C5C41C1D5A10E0000FABFB /* ChatViewController.swift in Sources */,
				E2A8F1D71D5C216B008E01D3 /* Camera.swift in Sources */,
				E2EA50121D4447860092BD51 /* Tool.swift in Sources */,
				E28FDBFC1D84B81E009B87B1 /* NewTool2ViewController.swift in Sources */,
				E2A8F1DD1D5C219C008E01D3 /* IncomingMessage.swift in Sources */,
				E27E13A81D503A8A00C7F6E6 /* ProgressHUD.m in Sources */,
				E234DDCB1D47F2FF008DAB22 /* SignUpViewController.swift in Sources */,
			);
			runOnlyForDeploymentPostprocessing = 0;
		};
		E2EA4FEE1D442C9A0092BD51 /* Sources */ = {
			isa = PBXSourcesBuildPhase;
			buildActionMask = 2147483647;
			files = (
				E2EA4FF71D442C9A0092BD51 /* Tool_BeltTests.swift in Sources */,
			);
			runOnlyForDeploymentPostprocessing = 0;
		};
		E2EA4FF91D442C9A0092BD51 /* Sources */ = {
			isa = PBXSourcesBuildPhase;
			buildActionMask = 2147483647;
			files = (
				E2EA50021D442C9A0092BD51 /* Tool_BeltUITests.swift in Sources */,
			);
			runOnlyForDeploymentPostprocessing = 0;
		};
/* End PBXSourcesBuildPhase section */

/* Begin PBXTargetDependency section */
		E2EA4FF41D442C9A0092BD51 /* PBXTargetDependency */ = {
			isa = PBXTargetDependency;
			target = E2EA4FDD1D442C990092BD51 /* Tool_Belt */;
			targetProxy = E2EA4FF31D442C9A0092BD51 /* PBXContainerItemProxy */;
		};
		E2EA4FFF1D442C9A0092BD51 /* PBXTargetDependency */ = {
			isa = PBXTargetDependency;
			target = E2EA4FDD1D442C990092BD51 /* Tool_Belt */;
			targetProxy = E2EA4FFE1D442C9A0092BD51 /* PBXContainerItemProxy */;
		};
/* End PBXTargetDependency section */

/* Begin PBXVariantGroup section */
		E2EA4FE51D442C990092BD51 /* Main.storyboard */ = {
			isa = PBXVariantGroup;
			children = (
				E2EA4FE61D442C990092BD51 /* Base */,
			);
			name = Main.storyboard;
			sourceTree = "<group>";
		};
		E2EA4FEA1D442C990092BD51 /* LaunchScreen.storyboard */ = {
			isa = PBXVariantGroup;
			children = (
				E2EA4FEB1D442C990092BD51 /* Base */,
			);
			name = LaunchScreen.storyboard;
			sourceTree = "<group>";
		};
/* End PBXVariantGroup section */

/* Begin XCBuildConfiguration section */
		E2EA50041D442C9A0092BD51 /* Debug */ = {
			isa = XCBuildConfiguration;
			buildSettings = {
				ALWAYS_SEARCH_USER_PATHS = NO;
				CLANG_ANALYZER_NONNULL = YES;
				CLANG_CXX_LANGUAGE_STANDARD = "gnu++0x";
				CLANG_CXX_LIBRARY = "libc++";
				CLANG_ENABLE_MODULES = YES;
				CLANG_ENABLE_OBJC_ARC = YES;
				CLANG_WARN_BOOL_CONVERSION = YES;
				CLANG_WARN_CONSTANT_CONVERSION = YES;
				CLANG_WARN_DIRECT_OBJC_ISA_USAGE = YES_ERROR;
				CLANG_WARN_EMPTY_BODY = YES;
				CLANG_WARN_ENUM_CONVERSION = YES;
				CLANG_WARN_INT_CONVERSION = YES;
				CLANG_WARN_OBJC_ROOT_CLASS = YES_ERROR;
				CLANG_WARN_UNREACHABLE_CODE = YES;
				CLANG_WARN__DUPLICATE_METHOD_MATCH = YES;
				"CODE_SIGN_IDENTITY[sdk=iphoneos*]" = "iPhone Developer";
				COPY_PHASE_STRIP = NO;
				DEBUG_INFORMATION_FORMAT = dwarf;
				ENABLE_STRICT_OBJC_MSGSEND = YES;
				ENABLE_TESTABILITY = YES;
				GCC_C_LANGUAGE_STANDARD = gnu99;
				GCC_DYNAMIC_NO_PIC = NO;
				GCC_NO_COMMON_BLOCKS = YES;
				GCC_OPTIMIZATION_LEVEL = 0;
				GCC_PREPROCESSOR_DEFINITIONS = (
					"DEBUG=1",
					"$(inherited)",
				);
				GCC_WARN_64_TO_32_BIT_CONVERSION = YES;
				GCC_WARN_ABOUT_RETURN_TYPE = YES_ERROR;
				GCC_WARN_UNDECLARED_SELECTOR = YES;
				GCC_WARN_UNINITIALIZED_AUTOS = YES_AGGRESSIVE;
				GCC_WARN_UNUSED_FUNCTION = YES;
				GCC_WARN_UNUSED_VARIABLE = YES;
				IPHONEOS_DEPLOYMENT_TARGET = 9.3;
				MTL_ENABLE_DEBUG_INFO = YES;
				ONLY_ACTIVE_ARCH = YES;
				SDKROOT = iphoneos;
				SWIFT_OPTIMIZATION_LEVEL = "-Onone";
				TARGETED_DEVICE_FAMILY = "1,2";
			};
			name = Debug;
		};
		E2EA50051D442C9A0092BD51 /* Release */ = {
			isa = XCBuildConfiguration;
			buildSettings = {
				ALWAYS_SEARCH_USER_PATHS = NO;
				CLANG_ANALYZER_NONNULL = YES;
				CLANG_CXX_LANGUAGE_STANDARD = "gnu++0x";
				CLANG_CXX_LIBRARY = "libc++";
				CLANG_ENABLE_MODULES = YES;
				CLANG_ENABLE_OBJC_ARC = YES;
				CLANG_WARN_BOOL_CONVERSION = YES;
				CLANG_WARN_CONSTANT_CONVERSION = YES;
				CLANG_WARN_DIRECT_OBJC_ISA_USAGE = YES_ERROR;
				CLANG_WARN_EMPTY_BODY = YES;
				CLANG_WARN_ENUM_CONVERSION = YES;
				CLANG_WARN_INT_CONVERSION = YES;
				CLANG_WARN_OBJC_ROOT_CLASS = YES_ERROR;
				CLANG_WARN_UNREACHABLE_CODE = YES;
				CLANG_WARN__DUPLICATE_METHOD_MATCH = YES;
				"CODE_SIGN_IDENTITY[sdk=iphoneos*]" = "iPhone Developer";
				COPY_PHASE_STRIP = NO;
				DEBUG_INFORMATION_FORMAT = "dwarf-with-dsym";
				ENABLE_NS_ASSERTIONS = NO;
				ENABLE_STRICT_OBJC_MSGSEND = YES;
				GCC_C_LANGUAGE_STANDARD = gnu99;
				GCC_NO_COMMON_BLOCKS = YES;
				GCC_WARN_64_TO_32_BIT_CONVERSION = YES;
				GCC_WARN_ABOUT_RETURN_TYPE = YES_ERROR;
				GCC_WARN_UNDECLARED_SELECTOR = YES;
				GCC_WARN_UNINITIALIZED_AUTOS = YES_AGGRESSIVE;
				GCC_WARN_UNUSED_FUNCTION = YES;
				GCC_WARN_UNUSED_VARIABLE = YES;
				IPHONEOS_DEPLOYMENT_TARGET = 9.3;
				MTL_ENABLE_DEBUG_INFO = NO;
				SDKROOT = iphoneos;
				TARGETED_DEVICE_FAMILY = "1,2";
				VALIDATE_PRODUCT = YES;
			};
			name = Release;
		};
		E2EA50071D442C9A0092BD51 /* Debug */ = {
			isa = XCBuildConfiguration;
			baseConfigurationReference = 5A2F2CA37A7D6B3E4BA2CDD5 /* Pods.debug.xcconfig */;
			buildSettings = {
				ASSETCATALOG_COMPILER_APPICON_NAME = AppIcon;
				FRAMEWORK_SEARCH_PATHS = (
					"$(inherited)",
					"$(PROJECT_DIR)/Tool_Belt",
				);
				GCC_OPTIMIZATION_LEVEL = fast;
				INFOPLIST_FILE = Tool_Belt/Info.plist;
				LD_RUNPATH_SEARCH_PATHS = "$(inherited) @executable_path/Frameworks";
				PRODUCT_BUNDLE_IDENTIFIER = "esusslin.Tool-Belt";
				PRODUCT_NAME = "$(TARGET_NAME)";
				SWIFT_OPTIMIZATION_LEVEL = "-Owholemodule";
			};
			name = Debug;
		};
		E2EA50081D442C9A0092BD51 /* Release */ = {
			isa = XCBuildConfiguration;
			baseConfigurationReference = 962B914393B1D3A92F819E54 /* Pods.release.xcconfig */;
			buildSettings = {
				ASSETCATALOG_COMPILER_APPICON_NAME = AppIcon;
				FRAMEWORK_SEARCH_PATHS = (
					"$(inherited)",
					"$(PROJECT_DIR)/Tool_Belt",
				);
				GCC_OPTIMIZATION_LEVEL = fast;
				"GCC_OPTIMIZATION_LEVEL[arch=*]" = fast;
				INFOPLIST_FILE = Tool_Belt/Info.plist;
				LD_RUNPATH_SEARCH_PATHS = "$(inherited) @executable_path/Frameworks";
				PRODUCT_BUNDLE_IDENTIFIER = "esusslin.Tool-Belt";
				PRODUCT_NAME = "$(TARGET_NAME)";
				SWIFT_OPTIMIZATION_LEVEL = "-Owholemodule";
			};
			name = Release;
		};
		E2EA500A1D442C9A0092BD51 /* Debug */ = {
			isa = XCBuildConfiguration;
			buildSettings = {
				BUNDLE_LOADER = "$(TEST_HOST)";
				INFOPLIST_FILE = Tool_BeltTests/Info.plist;
				LD_RUNPATH_SEARCH_PATHS = "$(inherited) @executable_path/Frameworks @loader_path/Frameworks";
				PRODUCT_BUNDLE_IDENTIFIER = "esusslin.Tool-BeltTests";
				PRODUCT_NAME = "$(TARGET_NAME)";
				TEST_HOST = "$(BUILT_PRODUCTS_DIR)/Tool_Belt.app/Tool_Belt";
			};
			name = Debug;
		};
		E2EA500B1D442C9A0092BD51 /* Release */ = {
			isa = XCBuildConfiguration;
			buildSettings = {
				BUNDLE_LOADER = "$(TEST_HOST)";
				INFOPLIST_FILE = Tool_BeltTests/Info.plist;
				LD_RUNPATH_SEARCH_PATHS = "$(inherited) @executable_path/Frameworks @loader_path/Frameworks";
				PRODUCT_BUNDLE_IDENTIFIER = "esusslin.Tool-BeltTests";
				PRODUCT_NAME = "$(TARGET_NAME)";
				TEST_HOST = "$(BUILT_PRODUCTS_DIR)/Tool_Belt.app/Tool_Belt";
			};
			name = Release;
		};
		E2EA500D1D442C9A0092BD51 /* Debug */ = {
			isa = XCBuildConfiguration;
			buildSettings = {
				INFOPLIST_FILE = Tool_BeltUITests/Info.plist;
				LD_RUNPATH_SEARCH_PATHS = "$(inherited) @executable_path/Frameworks @loader_path/Frameworks";
				PRODUCT_BUNDLE_IDENTIFIER = "esusslin.Tool-BeltUITests";
				PRODUCT_NAME = "$(TARGET_NAME)";
				TEST_TARGET_NAME = Tool_Belt;
			};
			name = Debug;
		};
		E2EA500E1D442C9A0092BD51 /* Release */ = {
			isa = XCBuildConfiguration;
			buildSettings = {
				INFOPLIST_FILE = Tool_BeltUITests/Info.plist;
				LD_RUNPATH_SEARCH_PATHS = "$(inherited) @executable_path/Frameworks @loader_path/Frameworks";
				PRODUCT_BUNDLE_IDENTIFIER = "esusslin.Tool-BeltUITests";
				PRODUCT_NAME = "$(TARGET_NAME)";
				TEST_TARGET_NAME = Tool_Belt;
			};
			name = Release;
		};
/* End XCBuildConfiguration section */

/* Begin XCConfigurationList section */
		E2EA4FD91D442C990092BD51 /* Build configuration list for PBXProject "Tool_Belt" */ = {
			isa = XCConfigurationList;
			buildConfigurations = (
				E2EA50041D442C9A0092BD51 /* Debug */,
				E2EA50051D442C9A0092BD51 /* Release */,
			);
			defaultConfigurationIsVisible = 0;
			defaultConfigurationName = Release;
		};
		E2EA50061D442C9A0092BD51 /* Build configuration list for PBXNativeTarget "Tool_Belt" */ = {
			isa = XCConfigurationList;
			buildConfigurations = (
				E2EA50071D442C9A0092BD51 /* Debug */,
				E2EA50081D442C9A0092BD51 /* Release */,
			);
			defaultConfigurationIsVisible = 0;
			defaultConfigurationName = Release;
		};
		E2EA50091D442C9A0092BD51 /* Build configuration list for PBXNativeTarget "Tool_BeltTests" */ = {
			isa = XCConfigurationList;
			buildConfigurations = (
				E2EA500A1D442C9A0092BD51 /* Debug */,
				E2EA500B1D442C9A0092BD51 /* Release */,
			);
			defaultConfigurationIsVisible = 0;
			defaultConfigurationName = Release;
		};
		E2EA500C1D442C9A0092BD51 /* Build configuration list for PBXNativeTarget "Tool_BeltUITests" */ = {
			isa = XCConfigurationList;
			buildConfigurations = (
				E2EA500D1D442C9A0092BD51 /* Debug */,
				E2EA500E1D442C9A0092BD51 /* Release */,
			);
			defaultConfigurationIsVisible = 0;
			defaultConfigurationName = Release;
		};
/* End XCConfigurationList section */
	};
	rootObject = E2EA4FD61D442C990092BD51 /* Project object */;
}
